
Microsoft Visual Studio Solution File, Format Version 12.00
# Visual Studio 2012
Project("{8BC9CEB8-8B4A-11D0-8D11-00A0C91BC942}") = "GLSL_9_Multiple_Objects_Animation1", "GLSL_9_Multiple_Objects_Animation1\GLSL_9_Multiple_Objects_Animation1.vcxproj", "{7CCFF6E1-481C-4F66-9C8E-9F2DD77E2E66}"
EndProject
Global
	GlobalSection(SolutionConfigurationPlatforms) = preSolution
		Debug|Win32 = Debug|Win32
		Release|Win32 = Release|Win32
	EndGlobalSection
	GlobalSection(ProjectConfigurationPlatforms) = postSolution
		{7CCFF6E1-481C-4F66-9C8E-9F2DD77E2E66}.Debug|Win32.ActiveCfg = Debug|Win32
		{7CCFF6E1-481C-4F66-9C8E-9F2DD77E2E66}.Debug|Win32.Build.0 = Debug|Win32
		{7CCFF6E1-481C-4F66-9C8E-9F2DD77E2E66}.Release|Win32.ActiveCfg = Release|Win32
		{7CCFF6E1-481C-4F66-9C8E-9F2DD77E2E66}.Release|Win32.Build.0 = Release|Win32
	EndGlobalSection
	GlobalSection(SolutionProperties) = preSolution
		HideSolutionNode = FALSE
	EndGlobalSection
EndGlobal
